
Microsoft Visual Studio Solution File, Format Version 12.00
# Visual Studio Version 17
VisualStudioVersion = 17.1.32228.430
MinimumVisualStudioVersion = 10.0.40219.1
Project("{9A19103F-16F7-4668-BE54-9A1E7A4F7556}") = "GMG.GBot.GBotConsole", "GMG.GBot.GBotConsole\GMG.GBot.GBotConsole.csproj", "{6537B1F7-C67E-46FE-BBE0-7115364DAE3F}"
EndProject
Project("{9A19103F-16F7-4668-BE54-9A1E7A4F7556}") = "GMG.GBot.Library", "GMG.GBot.Library\GMG.GBot.Library.csproj", "{8EE8381A-D461-4536-84AA-BBD79B9F1087}"
EndProject
Project("{9A19103F-16F7-4668-BE54-9A1E7A4F7556}") = "GMG.GBot.GBotWorkerService", "GMG.GBot.GBotWorkerService\GMG.GBot.GBotWorkerService.csproj", "{76E656F0-8CD2-4381-B7A9-A358BA4C19FF}"
EndProject
Project("{2150E333-8FDC-42A3-9474-1A3956D46DE8}") = "Solution Items", "Solution Items", "{E2110D06-745E-4C2D-BF85-208EDDC6F7CA}"
	ProjectSection(SolutionItems) = preProject
		readme.md = readme.md
	EndProjectSection
EndProject
Global
	GlobalSection(SolutionConfigurationPlatforms) = preSolution
		Debug|Any CPU = Debug|Any CPU
		Release|Any CPU = Release|Any CPU
	EndGlobalSection
	GlobalSection(ProjectConfigurationPlatforms) = postSolution
		{6537B1F7-C67E-46FE-BBE0-7115364DAE3F}.Debug|Any CPU.ActiveCfg = Debug|Any CPU
		{6537B1F7-C67E-46FE-BBE0-7115364DAE3F}.Debug|Any CPU.Build.0 = Debug|Any CPU
		{6537B1F7-C67E-46FE-BBE0-7115364DAE3F}.Release|Any CPU.ActiveCfg = Release|Any CPU
		{6537B1F7-C67E-46FE-BBE0-7115364DAE3F}.Release|Any CPU.Build.0 = Release|Any CPU
		{8EE8381A-D461-4536-84AA-BBD79B9F1087}.Debug|Any CPU.ActiveCfg = Debug|Any CPU
		{8EE8381A-D461-4536-84AA-BBD79B9F1087}.Debug|Any CPU.Build.0 = Debug|Any CPU
		{8EE8381A-D461-4536-84AA-BBD79B9F1087}.Release|Any CPU.ActiveCfg = Release|Any CPU
		{8EE8381A-D461-4536-84AA-BBD79B9F1087}.Release|Any CPU.Build.0 = Release|Any CPU
		{76E656F0-8CD2-4381-B7A9-A358BA4C19FF}.Debug|Any CPU.ActiveCfg = Debug|Any CPU
		{76E656F0-8CD2-4381-B7A9-A358BA4C19FF}.Debug|Any CPU.Build.0 = Debug|Any CPU
		{76E656F0-8CD2-4381-B7A9-A358BA4C19FF}.Release|Any CPU.ActiveCfg = Release|Any CPU
		{76E656F0-8CD2-4381-B7A9-A358BA4C19FF}.Release|Any CPU.Build.0 = Release|Any CPU
	EndGlobalSection
	GlobalSection(SolutionProperties) = preSolution
		HideSolutionNode = FALSE
	EndGlobalSection
	GlobalSection(ExtensibilityGlobals) = postSolution
		SolutionGuid = {10A591DF-D972-45B7-B8F7-3826DF4D4264}
	EndGlobalSection
EndGlobal
